
Microsoft Visual Studio Solution File, Format Version 12.00
# Visual Studio Version 17
VisualStudioVersion = 17.3.32901.215
MinimumVisualStudioVersion = 10.0.40219.1
Project("{FAE04EC0-301F-11D3-BF4B-00C04F79EFBC}") = "Тестовое задание", "Тестовое задание\Тестовое задание.csproj", "{99C80355-8C84-4658-A771-5CDD13A39F30}"
EndProject
Global
	GlobalSection(SolutionConfigurationPlatforms) = preSolution
		Debug|Any CPU = Debug|Any CPU
		Release|Any CPU = Release|Any CPU
	EndGlobalSection
	GlobalSection(ProjectConfigurationPlatforms) = postSolution
		{99C80355-8C84-4658-A771-5CDD13A39F30}.Debug|Any CPU.ActiveCfg = Debug|Any CPU
		{99C80355-8C84-4658-A771-5CDD13A39F30}.Debug|Any CPU.Build.0 = Debug|Any CPU
		{99C80355-8C84-4658-A771-5CDD13A39F30}.Release|Any CPU.ActiveCfg = Release|Any CPU
		{99C80355-8C84-4658-A771-5CDD13A39F30}.Release|Any CPU.Build.0 = Release|Any CPU
	EndGlobalSection
	GlobalSection(SolutionProperties) = preSolution
		HideSolutionNode = FALSE
	EndGlobalSection
	GlobalSection(ExtensibilityGlobals) = postSolution
		SolutionGuid = {CA139864-73FE-4878-B61C-3F27F2746FAD}
	EndGlobalSection
EndGlobal
